
Microsoft Visual Studio Solution File, Format Version 12.00
# Visual Studio Version 16
VisualStudioVersion = 16.0.31112.23
MinimumVisualStudioVersion = 10.0.40219.1
Project("{9A19103F-16F7-4668-BE54-9A1E7A4F7556}") = "Proyecto Final", "Proyecto Final\Proyecto Final.csproj", "{3B52C1E8-34DC-482F-B223-63F4D0DF1123}"
EndProject
Project("{54435603-DBB4-11D2-8724-00A0C9A8B90C}") = "TerminouslyInstaller", "TerminouslyInstaller\TerminouslyInstaller.vdproj", "{59D8DAD1-107E-4154-BB95-E63D27BB78E6}"
EndProject
Global
	GlobalSection(SolutionConfigurationPlatforms) = preSolution
		Debug|Any CPU = Debug|Any CPU
		Release|Any CPU = Release|Any CPU
	EndGlobalSection
	GlobalSection(ProjectConfigurationPlatforms) = postSolution
		{3B52C1E8-34DC-482F-B223-63F4D0DF1123}.Debug|Any CPU.ActiveCfg = Debug|Any CPU
		{3B52C1E8-34DC-482F-B223-63F4D0DF1123}.Debug|Any CPU.Build.0 = Debug|Any CPU
		{3B52C1E8-34DC-482F-B223-63F4D0DF1123}.Release|Any CPU.ActiveCfg = Release|Any CPU
		{3B52C1E8-34DC-482F-B223-63F4D0DF1123}.Release|Any CPU.Build.0 = Release|Any CPU
		{59D8DAD1-107E-4154-BB95-E63D27BB78E6}.Debug|Any CPU.ActiveCfg = Debug
		{59D8DAD1-107E-4154-BB95-E63D27BB78E6}.Release|Any CPU.ActiveCfg = Release
	EndGlobalSection
	GlobalSection(SolutionProperties) = preSolution
		HideSolutionNode = FALSE
	EndGlobalSection
	GlobalSection(ExtensibilityGlobals) = postSolution
		SolutionGuid = {BE5D19B8-C92D-4BE7-8A84-6F38D2654647}
	EndGlobalSection
EndGlobal
